{
  "version": 4,
  "terraform_version": "1.6.5",
  "serial": 42,
  "lineage": "753e3d3a-7394-c0fe-e684-3e6682cdea75",
  "outputs": {
    "api_endpoint": {
      "value": "https://api.prodxcloud.net/hello_world",
      "type": "string"
    },
    "auth_endpoint": {
      "value": "https://auth.toplivecommerce.com/oauth2/token",
      "type": "string"
    }
  },
  "resources": [
    {
      "mode": "managed",
      "type": "aws_acm_certificate",
      "name": "cert",
      "provider": "provider[\"registry.terraform.io/hashicorp/aws\"]",
      "instances": [
        {
          "schema_version": 0,
          "attributes": {
            "arn": "arn:aws:acm:ap-southeast-1:059978233428:certificate/7b33f863-92d5-4fae-a0ee-8257b2512bdc",
            "certificate_authority_arn": "",
            "certificate_body": null,
            "certificate_chain": null,
            "domain_name": "prodxcloud.net",
            "domain_validation_options": [
              {
                "domain_name": "prodxcloud.net",
                "resource_record_name": "_a3568227287491471350a782a897ee1f.prodxcloud.net.",
                "resource_record_type": "CNAME",
                "resource_record_value": "_b6492046e07cb14ca89f409fb64aa5e8.mhbtsbpdnt.acm-validations.aws."
              }
            ],
            "early_renewal_duration": "",
            "id": "arn:aws:acm:ap-southeast-1:059978233428:certificate/7b33f863-92d5-4fae-a0ee-8257b2512bdc",
            "key_algorithm": "RSA_2048",
            "not_after": "2025-03-09T23:59:59Z",
            "not_before": "2024-02-09T00:00:00Z",
            "options": [
              {
                "certificate_transparency_logging_preference": "ENABLED"
              }
            ],
            "pending_renewal": false,
            "private_key": null,
            "renewal_eligibility": "INELIGIBLE",
            "renewal_summary": [],
            "status": "ISSUED",
            "subject_alternative_names": [
              "prodxcloud.net"
            ],
            "tags": {
              "Environment": "test"
            },
            "tags_all": {
              "Environment": "test"
            },
            "type": "AMAZON_ISSUED",
            "validation_emails": [],
            "validation_method": "DNS",
            "validation_option": []
          },
          "sensitive_attributes": [],
          "private": "bnVsbA==",
          "create_before_destroy": true
        }
      ]
    },
    {
      "mode": "managed",
      "type": "aws_api_gateway_authorizer",
      "name": "authorizer",
      "provider": "provider[\"registry.terraform.io/hashicorp/aws\"]",
      "instances": [
        {
          "schema_version": 0,
          "attributes": {
            "arn": "arn:aws:apigateway:ap-southeast-1::/restapis/k3kxnrow5d/authorizers/l9ryfl",
            "authorizer_credentials": "",
            "authorizer_result_ttl_in_seconds": 300,
            "authorizer_uri": "",
            "id": "l9ryfl",
            "identity_source": "method.request.header.Authorization",
            "identity_validation_expression": "",
            "name": "livestore",
            "provider_arns": [
              "arn:aws:cognito-idp:ap-southeast-1:059978233428:userpool/ap-southeast-1_tl6FzDsmo"
            ],
            "rest_api_id": "k3kxnrow5d",
            "type": "COGNITO_USER_POOLS"
          },
          "sensitive_attributes": [],
          "private": "bnVsbA==",
          "dependencies": [
            "aws_api_gateway_rest_api.api",
            "aws_cognito_user_pool.user_pool"
          ]
        }
      ]
    },
    {
      "mode": "managed",
      "type": "aws_api_gateway_base_path_mapping",
      "name": "path_mapping",
      "provider": "provider[\"registry.terraform.io/hashicorp/aws\"]",
      "instances": [
        {
          "schema_version": 0,
          "attributes": {
            "api_id": "k3kxnrow5d",
            "base_path": "v1",
            "domain_name": "prodxcloud.net",
            "id": "prodxcloud.net/v1",
            "stage_name": "production"
          },
          "sensitive_attributes": [],
          "private": "bnVsbA==",
          "dependencies": [
            "aws_api_gateway_authorizer.authorizer",
            "aws_api_gateway_deployment.production",
            "aws_api_gateway_domain_name.domain_name",
            "aws_api_gateway_integration.hello_world",
            "aws_api_gateway_method.hello_world",
            "aws_api_gateway_resource.hello_world",
            "aws_api_gateway_rest_api.api",
            "aws_cognito_user_pool.user_pool",
            "aws_iam_role.role",
            "aws_lambda_function.lambda"
          ]
        }
      ]
    },
    {
      "mode": "managed",
      "type": "aws_api_gateway_deployment",
      "name": "production",
      "provider": "provider[\"registry.terraform.io/hashicorp/aws\"]",
      "instances": [
        {
          "schema_version": 0,
          "attributes": {
            "created_date": "2024-02-09T12:59:27Z",
            "description": "",
            "execution_arn": "arn:aws:execute-api:ap-southeast-1:059978233428:k3kxnrow5d/production",
            "id": "p5uyam",
            "invoke_url": "https://k3kxnrow5d.execute-api.ap-southeast-1.amazonaws.com/production",
            "rest_api_id": "k3kxnrow5d",
            "stage_description": null,
            "stage_name": "production",
            "triggers": null,
            "variables": null
          },
          "sensitive_attributes": [],
          "private": "bnVsbA==",
          "dependencies": [
            "aws_api_gateway_authorizer.authorizer",
            "aws_api_gateway_integration.hello_world",
            "aws_api_gateway_method.hello_world",
            "aws_api_gateway_resource.hello_world",
            "aws_api_gateway_rest_api.api",
            "aws_cognito_user_pool.user_pool",
            "aws_iam_role.role",
            "aws_lambda_function.lambda"
          ]
        }
      ]
    },
    {
      "mode": "managed",
      "type": "aws_api_gateway_domain_name",
      "name": "domain_name",
      "provider": "provider[\"registry.terraform.io/hashicorp/aws\"]",
      "instances": [
        {
          "schema_version": 0,
          "attributes": {
            "arn": "arn:aws:apigateway:ap-southeast-1::/domainnames/prodxcloud.net",
            "certificate_arn": "arn:aws:acm:us-east-1:059978233428:certificate/c09a0cc4-26fd-4d22-a471-664e267c6759",
            "certificate_body": null,
            "certificate_chain": null,
            "certificate_name": "",
            "certificate_private_key": null,
            "certificate_upload_date": "2024-02-09T13:11:51Z",
            "cloudfront_domain_name": "dvmc22j9jyeph.cloudfront.net",
            "cloudfront_zone_id": "Z2FDTNDATAQYW2",
            "domain_name": "prodxcloud.net",
            "endpoint_configuration": [
              {
                "types": [
                  "EDGE"
                ]
              }
            ],
            "id": "prodxcloud.net",
            "mutual_tls_authentication": [],
            "ownership_verification_certificate_arn": "",
            "regional_certificate_arn": "",
            "regional_certificate_name": "",
            "regional_domain_name": "",
            "regional_zone_id": "",
            "security_policy": "TLS_1_2",
            "tags": null,
            "tags_all": {}
          },
          "sensitive_attributes": [],
          "private": "bnVsbA=="
        }
      ]
    },
    {
      "mode": "managed",
      "type": "aws_api_gateway_integration",
      "name": "hello_world",
      "provider": "provider[\"registry.terraform.io/hashicorp/aws\"]",
      "instances": [
        {
          "schema_version": 0,
          "attributes": {
            "cache_key_parameters": [],
            "cache_namespace": "gejvp0",
            "connection_id": "",
            "connection_type": "INTERNET",
            "content_handling": "CONVERT_TO_TEXT",
            "credentials": "",
            "http_method": "GET",
            "id": "agi-k3kxnrow5d-gejvp0-GET",
            "integration_http_method": "GET",
            "passthrough_behavior": "WHEN_NO_MATCH",
            "request_parameters": {},
            "request_templates": {},
            "resource_id": "gejvp0",
            "rest_api_id": "k3kxnrow5d",
            "timeout_milliseconds": 29000,
            "tls_config": [],
            "type": "AWS_PROXY",
            "uri": "arn:aws:apigateway:ap-southeast-1:lambda:path/2015-03-31/functions/arn:aws:lambda:ap-southeast-1:059978233428:function:hello_world/invocations"
          },
          "sensitive_attributes": [],
          "private": "bnVsbA==",
          "dependencies": [
            "aws_api_gateway_authorizer.authorizer",
            "aws_api_gateway_method.hello_world",
            "aws_api_gateway_resource.hello_world",
            "aws_api_gateway_rest_api.api",
            "aws_cognito_user_pool.user_pool",
            "aws_iam_role.role",
            "aws_lambda_function.lambda"
          ]
        }
      ]
    },
    {
      "mode": "managed",
      "type": "aws_api_gateway_method",
      "name": "hello_world",
      "provider": "provider[\"registry.terraform.io/hashicorp/aws\"]",
      "instances": [
        {
          "schema_version": 0,
          "attributes": {
            "api_key_required": false,
            "authorization": "COGNITO_USER_POOLS",
            "authorization_scopes": [],
            "authorizer_id": "l9ryfl",
            "http_method": "GET",
            "id": "agm-k3kxnrow5d-gejvp0-GET",
            "operation_name": "",
            "request_models": {},
            "request_parameters": {},
            "request_validator_id": "",
            "resource_id": "gejvp0",
            "rest_api_id": "k3kxnrow5d"
          },
          "sensitive_attributes": [],
          "private": "bnVsbA==",
          "dependencies": [
            "aws_api_gateway_authorizer.authorizer",
            "aws_api_gateway_resource.hello_world",
            "aws_api_gateway_rest_api.api",
            "aws_cognito_user_pool.user_pool"
          ]
        }
      ]
    },
    {
      "mode": "managed",
      "type": "aws_api_gateway_resource",
      "name": "hello_world",
      "provider": "provider[\"registry.terraform.io/hashicorp/aws\"]",
      "instances": [
        {
          "schema_version": 0,
          "attributes": {
            "id": "gejvp0",
            "parent_id": "t208mc9pqi",
            "path": "/hello_world",
            "path_part": "hello_world",
            "rest_api_id": "k3kxnrow5d"
          },
          "sensitive_attributes": [],
          "private": "bnVsbA==",
          "dependencies": [
            "aws_api_gateway_rest_api.api"
          ]
        }
      ]
    },
    {
      "mode": "managed",
      "type": "aws_api_gateway_rest_api",
      "name": "api",
      "provider": "provider[\"registry.terraform.io/hashicorp/aws\"]",
      "instances": [
        {
          "schema_version": 0,
          "attributes": {
            "api_key_source": "HEADER",
            "arn": "arn:aws:apigateway:ap-southeast-1::/restapis/k3kxnrow5d",
            "binary_media_types": [],
            "body": null,
            "created_date": "2024-02-09T12:54:25Z",
            "description": "Redundant description of the API Gateway resource.",
            "disable_execute_api_endpoint": false,
            "endpoint_configuration": [
              {
                "types": [
                  "EDGE"
                ],
                "vpc_endpoint_ids": []
              }
            ],
            "execution_arn": "arn:aws:execute-api:ap-southeast-1:059978233428:k3kxnrow5d",
            "fail_on_warnings": null,
            "id": "k3kxnrow5d",
            "minimum_compression_size": "",
            "name": "livestore",
            "parameters": null,
            "policy": "",
            "put_rest_api_mode": null,
            "root_resource_id": "t208mc9pqi",
            "tags": {},
            "tags_all": {}
          },
          "sensitive_attributes": [],
          "private": "bnVsbA=="
        }
      ]
    },
    {
      "mode": "managed",
      "type": "aws_cognito_resource_server",
      "name": "resource_server",
      "provider": "provider[\"registry.terraform.io/hashicorp/aws\"]",
      "instances": [
        {
          "schema_version": 0,
          "attributes": {
            "id": "ap-southeast-1_tl6FzDsmo|https://api.prodxcloud.net",
            "identifier": "https://api.prodxcloud.net",
            "name": "livestore",
            "scope": [
              {
                "scope_description": "Get access to all API Gateway endpoints.",
                "scope_name": "all"
              }
            ],
            "scope_identifiers": [
              "https://api.prodxcloud.net/all"
            ],
            "user_pool_id": "ap-southeast-1_tl6FzDsmo"
          },
          "sensitive_attributes": [],
          "private": "bnVsbA==",
          "dependencies": [
            "aws_cognito_user_pool.user_pool"
          ]
        }
      ]
    },
    {
      "mode": "managed",
      "type": "aws_cognito_user_pool",
      "name": "user_pool",
      "provider": "provider[\"registry.terraform.io/hashicorp/aws\"]",
      "instances": [
        {
          "schema_version": 0,
          "attributes": {
            "account_recovery_setting": [
              {
                "recovery_mechanism": [
                  {
                    "name": "verified_email",
                    "priority": 1
                  },
                  {
                    "name": "verified_phone_number",
                    "priority": 2
                  }
                ]
              }
            ],
            "admin_create_user_config": [
              {
                "allow_admin_create_user_only": false,
                "invite_message_template": []
              }
            ],
            "alias_attributes": null,
            "arn": "arn:aws:cognito-idp:ap-southeast-1:059978233428:userpool/ap-southeast-1_tl6FzDsmo",
            "auto_verified_attributes": [],
            "creation_date": "2024-02-09T12:54:25Z",
            "custom_domain": "",
            "deletion_protection": "INACTIVE",
            "device_configuration": [],
            "domain": "",
            "email_configuration": [
              {
                "configuration_set": "",
                "email_sending_account": "COGNITO_DEFAULT",
                "from_email_address": "",
                "reply_to_email_address": "",
                "source_arn": ""
              }
            ],
            "email_verification_message": "",
            "email_verification_subject": "",
            "endpoint": "cognito-idp.ap-southeast-1.amazonaws.com/ap-southeast-1_tl6FzDsmo",
            "estimated_number_of_users": 0,
            "id": "ap-southeast-1_tl6FzDsmo",
            "lambda_config": [],
            "last_modified_date": "2024-02-09T12:54:25Z",
            "mfa_configuration": "OFF",
            "name": "livestore",
            "password_policy": [
              {
                "minimum_length": 8,
                "require_lowercase": true,
                "require_numbers": true,
                "require_symbols": true,
                "require_uppercase": true,
                "temporary_password_validity_days": 7
              }
            ],
            "schema": [],
            "sms_authentication_message": "",
            "sms_configuration": [],
            "sms_verification_message": "",
            "software_token_mfa_configuration": [],
            "tags": {},
            "tags_all": {},
            "user_attribute_update_settings": [],
            "user_pool_add_ons": [],
            "username_attributes": [],
            "username_configuration": [],
            "verification_message_template": [
              {
                "default_email_option": "CONFIRM_WITH_CODE",
                "email_message": "",
                "email_message_by_link": "",
                "email_subject": "",
                "email_subject_by_link": "",
                "sms_message": ""
              }
            ]
          },
          "sensitive_attributes": [],
          "private": "bnVsbA=="
        }
      ]
    },
    {
      "mode": "managed",
      "type": "aws_iam_role",
      "name": "role",
      "provider": "provider[\"registry.terraform.io/hashicorp/aws\"]",
      "instances": [
        {
          "schema_version": 0,
          "attributes": {
            "arn": "arn:aws:iam::059978233428:role/LambdaRole",
            "assume_role_policy": "{\"Statement\":[{\"Action\":\"sts:AssumeRole\",\"Effect\":\"Allow\",\"Principal\":{\"Service\":\"lambda.amazonaws.com\"},\"Sid\":\"\"}],\"Version\":\"2012-10-17\"}",
            "create_date": "2024-02-09T12:54:25Z",
            "description": "",
            "force_detach_policies": false,
            "id": "LambdaRole",
            "inline_policy": [],
            "managed_policy_arns": [],
            "max_session_duration": 3600,
            "name": "LambdaRole",
            "name_prefix": "",
            "path": "/",
            "permissions_boundary": "",
            "tags": {},
            "tags_all": {},
            "unique_id": "AROAQ35X3GZKMTPTBZILW"
          },
          "sensitive_attributes": [],
          "private": "bnVsbA=="
        }
      ]
    },
    {
      "mode": "managed",
      "type": "aws_lambda_function",
      "name": "lambda",
      "provider": "provider[\"registry.terraform.io/hashicorp/aws\"]",
      "instances": [
        {
          "schema_version": 0,
          "attributes": {
            "architectures": [
              "x86_64"
            ],
            "arn": "arn:aws:lambda:ap-southeast-1:059978233428:function:hello_world",
            "code_signing_config_arn": "",
            "dead_letter_config": [],
            "description": "",
            "environment": [],
            "ephemeral_storage": [
              {
                "size": 512
              }
            ],
            "file_system_config": [],
            "filename": "./lambda.zip",
            "function_name": "hello_world",
            "handler": "lambda.lambda_handler",
            "id": "hello_world",
            "image_config": [],
            "image_uri": "",
            "invoke_arn": "arn:aws:apigateway:ap-southeast-1:lambda:path/2015-03-31/functions/arn:aws:lambda:ap-southeast-1:059978233428:function:hello_world/invocations",
            "kms_key_arn": "",
            "last_modified": "2024-02-09T12:59:27.430+0000",
            "layers": [],
            "logging_config": [
              {
                "application_log_level": "",
                "log_format": "Text",
                "log_group": "/aws/lambda/hello_world",
                "system_log_level": ""
              }
            ],
            "memory_size": 128,
            "package_type": "Zip",
            "publish": false,
            "qualified_arn": "arn:aws:lambda:ap-southeast-1:059978233428:function:hello_world:$LATEST",
            "qualified_invoke_arn": "arn:aws:apigateway:ap-southeast-1:lambda:path/2015-03-31/functions/arn:aws:lambda:ap-southeast-1:059978233428:function:hello_world:$LATEST/invocations",
            "replace_security_groups_on_destroy": null,
            "replacement_security_group_ids": null,
            "reserved_concurrent_executions": -1,
            "role": "arn:aws:iam::059978233428:role/LambdaRole",
            "runtime": "python3.9",
            "s3_bucket": null,
            "s3_key": null,
            "s3_object_version": null,
            "signing_job_arn": "",
            "signing_profile_version_arn": "",
            "skip_destroy": false,
            "snap_start": [],
            "source_code_hash": "6FmDrq90/EjrpWpLTM0GSzd1iyNXZHoz/T3lZGVgsxI=",
            "source_code_size": 299,
            "tags": {},
            "tags_all": {},
            "timeout": 3,
            "timeouts": null,
            "tracing_config": [
              {
                "mode": "PassThrough"
              }
            ],
            "version": "$LATEST",
            "vpc_config": []
          },
          "sensitive_attributes": [],
          "private": "eyJlMmJmYjczMC1lY2FhLTExZTYtOGY4OC0zNDM2M2JjN2M0YzAiOnsiY3JlYXRlIjo2MDAwMDAwMDAwMDAsImRlbGV0ZSI6NjAwMDAwMDAwMDAwLCJ1cGRhdGUiOjYwMDAwMDAwMDAwMH19",
          "dependencies": [
            "aws_iam_role.role"
          ]
        }
      ]
    },
    {
      "mode": "managed",
      "type": "aws_lambda_permission",
      "name": "apigw_lambda",
      "provider": "provider[\"registry.terraform.io/hashicorp/aws\"]",
      "instances": [
        {
          "schema_version": 0,
          "attributes": {
            "action": "lambda:InvokeFunction",
            "event_source_token": null,
            "function_name": "hello_world",
            "function_url_auth_type": null,
            "id": "AllowExecutionFromAPIGateway",
            "principal": "apigateway.amazonaws.com",
            "principal_org_id": null,
            "qualifier": "",
            "source_account": null,
            "source_arn": "arn:aws:execute-api:ap-southeast-1:059978233428:k3kxnrow5d/*/GET/hello_world",
            "statement_id": "AllowExecutionFromAPIGateway",
            "statement_id_prefix": ""
          },
          "sensitive_attributes": [],
          "private": "bnVsbA==",
          "dependencies": [
            "aws_api_gateway_authorizer.authorizer",
            "aws_api_gateway_method.hello_world",
            "aws_api_gateway_resource.hello_world",
            "aws_api_gateway_rest_api.api",
            "aws_cognito_user_pool.user_pool",
            "aws_iam_role.role",
            "aws_lambda_function.lambda"
          ]
        }
      ]
    },
    {
      "mode": "managed",
      "type": "aws_route53_record",
      "name": "api",
      "provider": "provider[\"registry.terraform.io/hashicorp/aws\"]",
      "instances": [
        {
          "schema_version": 2,
          "attributes": {
            "alias": [
              {
                "evaluate_target_health": false,
                "name": "dvmc22j9jyeph.cloudfront.net",
                "zone_id": "Z2FDTNDATAQYW2"
              }
            ],
            "allow_overwrite": null,
            "cidr_routing_policy": [],
            "failover_routing_policy": [],
            "fqdn": "prodxcloud.net.toplivecommerce.com",
            "geolocation_routing_policy": [],
            "health_check_id": "",
            "id": "Z04610862U8GV6MWX12T_prodxcloud.net_A",
            "latency_routing_policy": [],
            "multivalue_answer_routing_policy": false,
            "name": "prodxcloud.net",
            "records": null,
            "set_identifier": "",
            "ttl": 0,
            "type": "A",
            "weighted_routing_policy": [],
            "zone_id": "Z04610862U8GV6MWX12T"
          },
          "sensitive_attributes": [],
          "private": "eyJzY2hlbWFfdmVyc2lvbiI6IjIifQ==",
          "dependencies": [
            "aws_api_gateway_domain_name.domain_name",
            "aws_route53_zone.zone"
          ]
        }
      ]
    },
    {
      "mode": "managed",
      "type": "aws_route53_record",
      "name": "test_record",
      "provider": "provider[\"registry.terraform.io/hashicorp/aws\"]",
      "instances": [
        {
          "schema_version": 2,
          "attributes": {
            "alias": [],
            "allow_overwrite": true,
            "cidr_routing_policy": [],
            "failover_routing_policy": [],
            "fqdn": "test_record.toplivecommerce.com",
            "geolocation_routing_policy": [],
            "health_check_id": "",
            "id": "Z04610862U8GV6MWX12T_test_record_TXT",
            "latency_routing_policy": [],
            "multivalue_answer_routing_policy": false,
            "name": "test_record",
            "records": [
              "this is the toplivecommerce.com test record"
            ],
            "set_identifier": "",
            "ttl": 10,
            "type": "TXT",
            "weighted_routing_policy": [],
            "zone_id": "Z04610862U8GV6MWX12T"
          },
          "sensitive_attributes": [],
          "private": "eyJzY2hlbWFfdmVyc2lvbiI6IjIifQ==",
          "dependencies": [
            "aws_route53_zone.zone"
          ]
        }
      ]
    },
    {
      "mode": "managed",
      "type": "aws_route53_zone",
      "name": "zone",
      "provider": "provider[\"registry.terraform.io/hashicorp/aws\"]",
      "instances": [
        {
          "schema_version": 0,
          "attributes": {
            "arn": "arn:aws:route53:::hostedzone/Z04610862U8GV6MWX12T",
            "comment": "Managed by Terraform",
            "delegation_set_id": "",
            "force_destroy": false,
            "id": "Z04610862U8GV6MWX12T",
            "name": "toplivecommerce.com",
            "name_servers": [
              "ns-1498.awsdns-59.org",
              "ns-1850.awsdns-39.co.uk",
              "ns-355.awsdns-44.com",
              "ns-550.awsdns-04.net"
            ],
            "primary_name_server": "ns-550.awsdns-04.net",
            "tags": {},
            "tags_all": {},
            "vpc": [],
            "zone_id": "Z04610862U8GV6MWX12T"
          },
          "sensitive_attributes": [],
          "private": "bnVsbA=="
        }
      ]
    }
  ],
  "check_results": null
}
